
Microsoft Visual Studio Solution File, Format Version 12.00
# Visual Studio Version 17
VisualStudioVersion = 17.11.35431.28
MinimumVisualStudioVersion = 10.0.40219.1
Project("{FAE04EC0-301F-11D3-BF4B-00C04F79EFBC}") = "DependencyInjectionDemo", "DependencyInjectionDemo\DependencyInjectionDemo.csproj", "{EA26EDBE-5080-4051-91FD-4188FAF02374}"
EndProject
Global
	GlobalSection(SolutionConfigurationPlatforms) = preSolution
		Debug|Any CPU = Debug|Any CPU
		Release|Any CPU = Release|Any CPU
	EndGlobalSection
	GlobalSection(ProjectConfigurationPlatforms) = postSolution
		{EA26EDBE-5080-4051-91FD-4188FAF02374}.Debug|Any CPU.ActiveCfg = Debug|Any CPU
		{EA26EDBE-5080-4051-91FD-4188FAF02374}.Debug|Any CPU.Build.0 = Debug|Any CPU
		{EA26EDBE-5080-4051-91FD-4188FAF02374}.Release|Any CPU.ActiveCfg = Release|Any CPU
		{EA26EDBE-5080-4051-91FD-4188FAF02374}.Release|Any CPU.Build.0 = Release|Any CPU
	EndGlobalSection
	GlobalSection(SolutionProperties) = preSolution
		HideSolutionNode = FALSE
	EndGlobalSection
	GlobalSection(ExtensibilityGlobals) = postSolution
		SolutionGuid = {ED0EF4DE-84FD-4AB4-A240-E0BE33D4B643}
	EndGlobalSection
EndGlobal
